
Microsoft Visual Studio Solution File, Format Version 12.00
# Visual Studio 2013
VisualStudioVersion = 12.0.40629.0
MinimumVisualStudioVersion = 10.0.40219.1
Project("{FAE04EC0-301F-11D3-BF4B-00C04F79EFBC}") = "DataStructure", "DataStructure\DataStructure.csproj", "{2FD11C77-A920-4643-A74D-2528DCA56B99}"
EndProject
Project("{FAE04EC0-301F-11D3-BF4B-00C04F79EFBC}") = "DataStructureTest", "DataStructureTest\DataStructureTest.csproj", "{8585F95C-42CD-4E12-A3E7-B1D084FB790E}"
EndProject
Global
	GlobalSection(SolutionConfigurationPlatforms) = preSolution
		Debug|Any CPU = Debug|Any CPU
		Release|Any CPU = Release|Any CPU
	EndGlobalSection
	GlobalSection(ProjectConfigurationPlatforms) = postSolution
		{2FD11C77-A920-4643-A74D-2528DCA56B99}.Debug|Any CPU.ActiveCfg = Debug|Any CPU
		{2FD11C77-A920-4643-A74D-2528DCA56B99}.Debug|Any CPU.Build.0 = Debug|Any CPU
		{2FD11C77-A920-4643-A74D-2528DCA56B99}.Release|Any CPU.ActiveCfg = Release|Any CPU
		{2FD11C77-A920-4643-A74D-2528DCA56B99}.Release|Any CPU.Build.0 = Release|Any CPU
		{8585F95C-42CD-4E12-A3E7-B1D084FB790E}.Debug|Any CPU.ActiveCfg = Debug|Any CPU
		{8585F95C-42CD-4E12-A3E7-B1D084FB790E}.Debug|Any CPU.Build.0 = Debug|Any CPU
		{8585F95C-42CD-4E12-A3E7-B1D084FB790E}.Release|Any CPU.ActiveCfg = Release|Any CPU
		{8585F95C-42CD-4E12-A3E7-B1D084FB790E}.Release|Any CPU.Build.0 = Release|Any CPU
	EndGlobalSection
	GlobalSection(SolutionProperties) = preSolution
		HideSolutionNode = FALSE
	EndGlobalSection
EndGlobal
